
Microsoft Visual Studio Solution File, Format Version 12.00
# Visual Studio Version 16
VisualStudioVersion = 16.0.30804.86
MinimumVisualStudioVersion = 10.0.40219.1
Project("{FAE04EC0-301F-11D3-BF4B-00C04F79EFBC}") = "QuickJokes.Android", "QuickJokes.Android\QuickJokes.Android.csproj", "{C9A42AF4-6EC4-4497-BA1E-3579ABF3375D}"
EndProject
Project("{FAE04EC0-301F-11D3-BF4B-00C04F79EFBC}") = "QuickJokes.iOS", "QuickJokes.iOS\QuickJokes.iOS.csproj", "{1FFA1211-9D44-4813-82FA-3A2CF7853662}"
EndProject
Project("{FAE04EC0-301F-11D3-BF4B-00C04F79EFBC}") = "QuickJokes", "QuickJokes\QuickJokes.csproj", "{B257C228-A2AB-41A3-A80A-011BAE0DEC44}"
EndProject
Global
	GlobalSection(SolutionConfigurationPlatforms) = preSolution
		Debug|Any CPU = Debug|Any CPU
		Debug|iPhone = Debug|iPhone
		Debug|iPhoneSimulator = Debug|iPhoneSimulator
		Release|Any CPU = Release|Any CPU
		Release|iPhone = Release|iPhone
		Release|iPhoneSimulator = Release|iPhoneSimulator
	EndGlobalSection
	GlobalSection(ProjectConfigurationPlatforms) = postSolution
		{C9A42AF4-6EC4-4497-BA1E-3579ABF3375D}.Debug|Any CPU.ActiveCfg = Debug|Any CPU
		{C9A42AF4-6EC4-4497-BA1E-3579ABF3375D}.Debug|Any CPU.Build.0 = Debug|Any CPU
		{C9A42AF4-6EC4-4497-BA1E-3579ABF3375D}.Debug|Any CPU.Deploy.0 = Debug|Any CPU
		{C9A42AF4-6EC4-4497-BA1E-3579ABF3375D}.Debug|iPhone.ActiveCfg = Debug|Any CPU
		{C9A42AF4-6EC4-4497-BA1E-3579ABF3375D}.Debug|iPhone.Build.0 = Debug|Any CPU
		{C9A42AF4-6EC4-4497-BA1E-3579ABF3375D}.Debug|iPhone.Deploy.0 = Debug|Any CPU
		{C9A42AF4-6EC4-4497-BA1E-3579ABF3375D}.Debug|iPhoneSimulator.ActiveCfg = Debug|Any CPU
		{C9A42AF4-6EC4-4497-BA1E-3579ABF3375D}.Debug|iPhoneSimulator.Build.0 = Debug|Any CPU
		{C9A42AF4-6EC4-4497-BA1E-3579ABF3375D}.Debug|iPhoneSimulator.Deploy.0 = Debug|Any CPU
		{C9A42AF4-6EC4-4497-BA1E-3579ABF3375D}.Release|Any CPU.ActiveCfg = Release|Any CPU
		{C9A42AF4-6EC4-4497-BA1E-3579ABF3375D}.Release|Any CPU.Build.0 = Release|Any CPU
		{C9A42AF4-6EC4-4497-BA1E-3579ABF3375D}.Release|Any CPU.Deploy.0 = Release|Any CPU
		{C9A42AF4-6EC4-4497-BA1E-3579ABF3375D}.Release|iPhone.ActiveCfg = Release|Any CPU
		{C9A42AF4-6EC4-4497-BA1E-3579ABF3375D}.Release|iPhone.Build.0 = Release|Any CPU
		{C9A42AF4-6EC4-4497-BA1E-3579ABF3375D}.Release|iPhone.Deploy.0 = Release|Any CPU
		{C9A42AF4-6EC4-4497-BA1E-3579ABF3375D}.Release|iPhoneSimulator.ActiveCfg = Release|Any CPU
		{C9A42AF4-6EC4-4497-BA1E-3579ABF3375D}.Release|iPhoneSimulator.Build.0 = Release|Any CPU
		{C9A42AF4-6EC4-4497-BA1E-3579ABF3375D}.Release|iPhoneSimulator.Deploy.0 = Release|Any CPU
		{1FFA1211-9D44-4813-82FA-3A2CF7853662}.Debug|Any CPU.ActiveCfg = Debug|iPhone
		{1FFA1211-9D44-4813-82FA-3A2CF7853662}.Debug|Any CPU.Build.0 = Debug|iPhone
		{1FFA1211-9D44-4813-82FA-3A2CF7853662}.Debug|Any CPU.Deploy.0 = Debug|iPhone
		{1FFA1211-9D44-4813-82FA-3A2CF7853662}.Debug|iPhone.ActiveCfg = Debug|iPhone
		{1FFA1211-9D44-4813-82FA-3A2CF7853662}.Debug|iPhone.Build.0 = Debug|iPhone
		{1FFA1211-9D44-4813-82FA-3A2CF7853662}.Debug|iPhone.Deploy.0 = Debug|iPhone
		{1FFA1211-9D44-4813-82FA-3A2CF7853662}.Debug|iPhoneSimulator.ActiveCfg = Debug|iPhoneSimulator
		{1FFA1211-9D44-4813-82FA-3A2CF7853662}.Debug|iPhoneSimulator.Build.0 = Debug|iPhoneSimulator
		{1FFA1211-9D44-4813-82FA-3A2CF7853662}.Debug|iPhoneSimulator.Deploy.0 = Debug|iPhoneSimulator
		{1FFA1211-9D44-4813-82FA-3A2CF7853662}.Release|Any CPU.ActiveCfg = Release|iPhoneSimulator
		{1FFA1211-9D44-4813-82FA-3A2CF7853662}.Release|Any CPU.Build.0 = Release|iPhoneSimulator
		{1FFA1211-9D44-4813-82FA-3A2CF7853662}.Release|Any CPU.Deploy.0 = Release|iPhoneSimulator
		{1FFA1211-9D44-4813-82FA-3A2CF7853662}.Release|iPhone.ActiveCfg = Release|iPhone
		{1FFA1211-9D44-4813-82FA-3A2CF7853662}.Release|iPhone.Build.0 = Release|iPhone
		{1FFA1211-9D44-4813-82FA-3A2CF7853662}.Release|iPhone.Deploy.0 = Release|iPhone
		{1FFA1211-9D44-4813-82FA-3A2CF7853662}.Release|iPhoneSimulator.ActiveCfg = Release|iPhoneSimulator
		{1FFA1211-9D44-4813-82FA-3A2CF7853662}.Release|iPhoneSimulator.Build.0 = Release|iPhoneSimulator
		{1FFA1211-9D44-4813-82FA-3A2CF7853662}.Release|iPhoneSimulator.Deploy.0 = Release|iPhoneSimulator
		{B257C228-A2AB-41A3-A80A-011BAE0DEC44}.Debug|Any CPU.ActiveCfg = Debug|Any CPU
		{B257C228-A2AB-41A3-A80A-011BAE0DEC44}.Debug|Any CPU.Build.0 = Debug|Any CPU
		{B257C228-A2AB-41A3-A80A-011BAE0DEC44}.Debug|Any CPU.Deploy.0 = Debug|Any CPU
		{B257C228-A2AB-41A3-A80A-011BAE0DEC44}.Debug|iPhone.ActiveCfg = Debug|Any CPU
		{B257C228-A2AB-41A3-A80A-011BAE0DEC44}.Debug|iPhone.Build.0 = Debug|Any CPU
		{B257C228-A2AB-41A3-A80A-011BAE0DEC44}.Debug|iPhone.Deploy.0 = Debug|Any CPU
		{B257C228-A2AB-41A3-A80A-011BAE0DEC44}.Debug|iPhoneSimulator.ActiveCfg = Debug|Any CPU
		{B257C228-A2AB-41A3-A80A-011BAE0DEC44}.Debug|iPhoneSimulator.Build.0 = Debug|Any CPU
		{B257C228-A2AB-41A3-A80A-011BAE0DEC44}.Debug|iPhoneSimulator.Deploy.0 = Debug|Any CPU
		{B257C228-A2AB-41A3-A80A-011BAE0DEC44}.Release|Any CPU.ActiveCfg = Release|Any CPU
		{B257C228-A2AB-41A3-A80A-011BAE0DEC44}.Release|Any CPU.Build.0 = Release|Any CPU
		{B257C228-A2AB-41A3-A80A-011BAE0DEC44}.Release|Any CPU.Deploy.0 = Release|Any CPU
		{B257C228-A2AB-41A3-A80A-011BAE0DEC44}.Release|iPhone.ActiveCfg = Release|Any CPU
		{B257C228-A2AB-41A3-A80A-011BAE0DEC44}.Release|iPhone.Build.0 = Release|Any CPU
		{B257C228-A2AB-41A3-A80A-011BAE0DEC44}.Release|iPhone.Deploy.0 = Release|Any CPU
		{B257C228-A2AB-41A3-A80A-011BAE0DEC44}.Release|iPhoneSimulator.ActiveCfg = Release|Any CPU
		{B257C228-A2AB-41A3-A80A-011BAE0DEC44}.Release|iPhoneSimulator.Build.0 = Release|Any CPU
		{B257C228-A2AB-41A3-A80A-011BAE0DEC44}.Release|iPhoneSimulator.Deploy.0 = Release|Any CPU
	EndGlobalSection
	GlobalSection(SolutionProperties) = preSolution
		HideSolutionNode = FALSE
	EndGlobalSection
	GlobalSection(ExtensibilityGlobals) = postSolution
		SolutionGuid = {43DE85E7-F354-4116-9642-00409E5F0617}
	EndGlobalSection
EndGlobal
